
Microsoft Visual Studio Solution File, Format Version 12.00
# Visual Studio 14
VisualStudioVersion = 14.0.25420.1
MinimumVisualStudioVersion = 10.0.40219.1
Project("{F184B08F-C81C-45F6-A57F-5ABD9991F28F}") = "usiddique-ex1b1", "usiddique-ex1b1\usiddique-ex1b1.vbproj", "{4214215F-4B67-4935-8088-30F3B74E64C1}"
EndProject
Project("{F184B08F-C81C-45F6-A57F-5ABD9991F28F}") = "usiddiqueex1c1", "usiddiqueex1c1\usiddiqueex1c1.vbproj", "{452D0CE4-8795-44F2-BFCF-A6CEE732604C}"
EndProject
Project("{F184B08F-C81C-45F6-A57F-5ABD9991F28F}") = "usiddiqueex1d1", "usiddiqueex1d1\usiddiqueex1d1.vbproj", "{7691698E-10E6-4345-BDAA-97C98B4DAACE}"
EndProject
Project("{F184B08F-C81C-45F6-A57F-5ABD9991F28F}") = "usiddique1e1", "usiddique1e1\usiddique1e1.vbproj", "{6561F37D-DF96-41A1-B742-827B6202DC59}"
EndProject
Project("{F184B08F-C81C-45F6-A57F-5ABD9991F28F}") = "usiddique1f1", "usiddique1f1\usiddique1f1.vbproj", "{5C307A7C-3565-436F-82B2-1544C8A5B555}"
EndProject
Project("{F184B08F-C81C-45F6-A57F-5ABD9991F28F}") = "usiddique1g1", "usiddique1g1\usiddique1g1.vbproj", "{AFC7E880-A9DD-47D3-B432-52C439D0FAAA}"
EndProject
Project("{F184B08F-C81C-45F6-A57F-5ABD9991F28F}") = "usiddique1h1", "usiddique1h1\usiddique1h1.vbproj", "{3AEA6EE4-DBB3-457C-92BD-A619B76D5274}"
EndProject
Project("{F184B08F-C81C-45F6-A57F-5ABD9991F28F}") = "quiz1review", "quiz1review\quiz1review.vbproj", "{469C84D8-8E68-4805-8FAF-418529939E7F}"
EndProject
Project("{F184B08F-C81C-45F6-A57F-5ABD9991F28F}") = "usiddique2A1", "usiddique2A1\usiddique2A1.vbproj", "{23ECF4EF-E0E7-4F4E-BDF8-9A577F03AF77}"
EndProject
Project("{F184B08F-C81C-45F6-A57F-5ABD9991F28F}") = "usiddique2b1", "usiddique2b1\usiddique2b1.vbproj", "{B73CCD04-48A1-4A67-9ADF-4556D7C27039}"
EndProject
Project("{F184B08F-C81C-45F6-A57F-5ABD9991F28F}") = "usidiqueex2c1", "usidiqueex2c1\usidiqueex2c1.vbproj", "{74F17CC4-6B22-4006-90D9-F21AC49CD348}"
EndProject
Project("{F184B08F-C81C-45F6-A57F-5ABD9991F28F}") = "usiddique2f2", "usiddique2f2\usiddique2f2.vbproj", "{78F6264D-D898-4ADB-B04E-313E7B40952A}"
EndProject
Project("{F184B08F-C81C-45F6-A57F-5ABD9991F28F}") = "usiddique2d1", "usiddique2d1\usiddique2d1.vbproj", "{698B343F-BD52-47FA-8D9C-DCD4DAD169C8}"
EndProject
Project("{F184B08F-C81C-45F6-A57F-5ABD9991F28F}") = "usiddique2e1", "usiddique2e1\usiddique2e1.vbproj", "{49B6BFC5-5D74-475D-87B5-600B51473780}"
EndProject
Project("{F184B08F-C81C-45F6-A57F-5ABD9991F28F}") = "usiddique2g1", "usiddique2g1\usiddique2g1.vbproj", "{B448F313-7C90-44A9-AF5D-8632D3A0B73F}"
EndProject
Project("{F184B08F-C81C-45F6-A57F-5ABD9991F28F}") = "usiddique2H1", "usiddique2H1\usiddique2H1.vbproj", "{AD3453A9-1E06-4F4A-B173-8C1D329BBE66}"
EndProject
Project("{F184B08F-C81C-45F6-A57F-5ABD9991F28F}") = "usiddique2i2", "usiddique2i2\usiddique2i2.vbproj", "{5D1BE15E-CD8E-41C4-ADFD-D02625FBBF1F}"
EndProject
Global
	GlobalSection(SolutionConfigurationPlatforms) = preSolution
		Debug|Any CPU = Debug|Any CPU
		Release|Any CPU = Release|Any CPU
	EndGlobalSection
	GlobalSection(ProjectConfigurationPlatforms) = postSolution
		{4214215F-4B67-4935-8088-30F3B74E64C1}.Debug|Any CPU.ActiveCfg = Debug|Any CPU
		{4214215F-4B67-4935-8088-30F3B74E64C1}.Debug|Any CPU.Build.0 = Debug|Any CPU
		{4214215F-4B67-4935-8088-30F3B74E64C1}.Release|Any CPU.ActiveCfg = Release|Any CPU
		{4214215F-4B67-4935-8088-30F3B74E64C1}.Release|Any CPU.Build.0 = Release|Any CPU
		{452D0CE4-8795-44F2-BFCF-A6CEE732604C}.Debug|Any CPU.ActiveCfg = Debug|Any CPU
		{452D0CE4-8795-44F2-BFCF-A6CEE732604C}.Debug|Any CPU.Build.0 = Debug|Any CPU
		{452D0CE4-8795-44F2-BFCF-A6CEE732604C}.Release|Any CPU.ActiveCfg = Release|Any CPU
		{452D0CE4-8795-44F2-BFCF-A6CEE732604C}.Release|Any CPU.Build.0 = Release|Any CPU
		{7691698E-10E6-4345-BDAA-97C98B4DAACE}.Debug|Any CPU.ActiveCfg = Debug|Any CPU
		{7691698E-10E6-4345-BDAA-97C98B4DAACE}.Debug|Any CPU.Build.0 = Debug|Any CPU
		{7691698E-10E6-4345-BDAA-97C98B4DAACE}.Release|Any CPU.ActiveCfg = Release|Any CPU
		{7691698E-10E6-4345-BDAA-97C98B4DAACE}.Release|Any CPU.Build.0 = Release|Any CPU
		{6561F37D-DF96-41A1-B742-827B6202DC59}.Debug|Any CPU.ActiveCfg = Debug|Any CPU
		{6561F37D-DF96-41A1-B742-827B6202DC59}.Debug|Any CPU.Build.0 = Debug|Any CPU
		{6561F37D-DF96-41A1-B742-827B6202DC59}.Release|Any CPU.ActiveCfg = Release|Any CPU
		{6561F37D-DF96-41A1-B742-827B6202DC59}.Release|Any CPU.Build.0 = Release|Any CPU
		{5C307A7C-3565-436F-82B2-1544C8A5B555}.Debug|Any CPU.ActiveCfg = Debug|Any CPU
		{5C307A7C-3565-436F-82B2-1544C8A5B555}.Debug|Any CPU.Build.0 = Debug|Any CPU
		{5C307A7C-3565-436F-82B2-1544C8A5B555}.Release|Any CPU.ActiveCfg = Release|Any CPU
		{5C307A7C-3565-436F-82B2-1544C8A5B555}.Release|Any CPU.Build.0 = Release|Any CPU
		{AFC7E880-A9DD-47D3-B432-52C439D0FAAA}.Debug|Any CPU.ActiveCfg = Debug|Any CPU
		{AFC7E880-A9DD-47D3-B432-52C439D0FAAA}.Debug|Any CPU.Build.0 = Debug|Any CPU
		{AFC7E880-A9DD-47D3-B432-52C439D0FAAA}.Release|Any CPU.ActiveCfg = Release|Any CPU
		{AFC7E880-A9DD-47D3-B432-52C439D0FAAA}.Release|Any CPU.Build.0 = Release|Any CPU
		{3AEA6EE4-DBB3-457C-92BD-A619B76D5274}.Debug|Any CPU.ActiveCfg = Debug|Any CPU
		{3AEA6EE4-DBB3-457C-92BD-A619B76D5274}.Debug|Any CPU.Build.0 = Debug|Any CPU
		{3AEA6EE4-DBB3-457C-92BD-A619B76D5274}.Release|Any CPU.ActiveCfg = Release|Any CPU
		{3AEA6EE4-DBB3-457C-92BD-A619B76D5274}.Release|Any CPU.Build.0 = Release|Any CPU
		{469C84D8-8E68-4805-8FAF-418529939E7F}.Debug|Any CPU.ActiveCfg = Debug|Any CPU
		{469C84D8-8E68-4805-8FAF-418529939E7F}.Debug|Any CPU.Build.0 = Debug|Any CPU
		{469C84D8-8E68-4805-8FAF-418529939E7F}.Release|Any CPU.ActiveCfg = Release|Any CPU
		{469C84D8-8E68-4805-8FAF-418529939E7F}.Release|Any CPU.Build.0 = Release|Any CPU
		{23ECF4EF-E0E7-4F4E-BDF8-9A577F03AF77}.Debug|Any CPU.ActiveCfg = Debug|Any CPU
		{23ECF4EF-E0E7-4F4E-BDF8-9A577F03AF77}.Debug|Any CPU.Build.0 = Debug|Any CPU
		{23ECF4EF-E0E7-4F4E-BDF8-9A577F03AF77}.Release|Any CPU.ActiveCfg = Release|Any CPU
		{23ECF4EF-E0E7-4F4E-BDF8-9A577F03AF77}.Release|Any CPU.Build.0 = Release|Any CPU
		{B73CCD04-48A1-4A67-9ADF-4556D7C27039}.Debug|Any CPU.ActiveCfg = Debug|Any CPU
		{B73CCD04-48A1-4A67-9ADF-4556D7C27039}.Debug|Any CPU.Build.0 = Debug|Any CPU
		{B73CCD04-48A1-4A67-9ADF-4556D7C27039}.Release|Any CPU.ActiveCfg = Release|Any CPU
		{B73CCD04-48A1-4A67-9ADF-4556D7C27039}.Release|Any CPU.Build.0 = Release|Any CPU
		{74F17CC4-6B22-4006-90D9-F21AC49CD348}.Debug|Any CPU.ActiveCfg = Debug|Any CPU
		{74F17CC4-6B22-4006-90D9-F21AC49CD348}.Debug|Any CPU.Build.0 = Debug|Any CPU
		{74F17CC4-6B22-4006-90D9-F21AC49CD348}.Release|Any CPU.ActiveCfg = Release|Any CPU
		{74F17CC4-6B22-4006-90D9-F21AC49CD348}.Release|Any CPU.Build.0 = Release|Any CPU
		{78F6264D-D898-4ADB-B04E-313E7B40952A}.Debug|Any CPU.ActiveCfg = Debug|Any CPU
		{78F6264D-D898-4ADB-B04E-313E7B40952A}.Debug|Any CPU.Build.0 = Debug|Any CPU
		{78F6264D-D898-4ADB-B04E-313E7B40952A}.Release|Any CPU.ActiveCfg = Release|Any CPU
		{78F6264D-D898-4ADB-B04E-313E7B40952A}.Release|Any CPU.Build.0 = Release|Any CPU
		{698B343F-BD52-47FA-8D9C-DCD4DAD169C8}.Debug|Any CPU.ActiveCfg = Debug|Any CPU
		{698B343F-BD52-47FA-8D9C-DCD4DAD169C8}.Debug|Any CPU.Build.0 = Debug|Any CPU
		{698B343F-BD52-47FA-8D9C-DCD4DAD169C8}.Release|Any CPU.ActiveCfg = Release|Any CPU
		{698B343F-BD52-47FA-8D9C-DCD4DAD169C8}.Release|Any CPU.Build.0 = Release|Any CPU
		{49B6BFC5-5D74-475D-87B5-600B51473780}.Debug|Any CPU.ActiveCfg = Debug|Any CPU
		{49B6BFC5-5D74-475D-87B5-600B51473780}.Debug|Any CPU.Build.0 = Debug|Any CPU
		{49B6BFC5-5D74-475D-87B5-600B51473780}.Release|Any CPU.ActiveCfg = Release|Any CPU
		{49B6BFC5-5D74-475D-87B5-600B51473780}.Release|Any CPU.Build.0 = Release|Any CPU
		{B448F313-7C90-44A9-AF5D-8632D3A0B73F}.Debug|Any CPU.ActiveCfg = Debug|Any CPU
		{B448F313-7C90-44A9-AF5D-8632D3A0B73F}.Debug|Any CPU.Build.0 = Debug|Any CPU
		{B448F313-7C90-44A9-AF5D-8632D3A0B73F}.Release|Any CPU.ActiveCfg = Release|Any CPU
		{B448F313-7C90-44A9-AF5D-8632D3A0B73F}.Release|Any CPU.Build.0 = Release|Any CPU
		{AD3453A9-1E06-4F4A-B173-8C1D329BBE66}.Debug|Any CPU.ActiveCfg = Debug|Any CPU
		{AD3453A9-1E06-4F4A-B173-8C1D329BBE66}.Debug|Any CPU.Build.0 = Debug|Any CPU
		{AD3453A9-1E06-4F4A-B173-8C1D329BBE66}.Release|Any CPU.ActiveCfg = Release|Any CPU
		{AD3453A9-1E06-4F4A-B173-8C1D329BBE66}.Release|Any CPU.Build.0 = Release|Any CPU
		{5D1BE15E-CD8E-41C4-ADFD-D02625FBBF1F}.Debug|Any CPU.ActiveCfg = Debug|Any CPU
		{5D1BE15E-CD8E-41C4-ADFD-D02625FBBF1F}.Debug|Any CPU.Build.0 = Debug|Any CPU
		{5D1BE15E-CD8E-41C4-ADFD-D02625FBBF1F}.Release|Any CPU.ActiveCfg = Release|Any CPU
		{5D1BE15E-CD8E-41C4-ADFD-D02625FBBF1F}.Release|Any CPU.Build.0 = Release|Any CPU
	EndGlobalSection
	GlobalSection(SolutionProperties) = preSolution
		HideSolutionNode = FALSE
	EndGlobalSection
EndGlobal
