
Microsoft Visual Studio Solution File, Format Version 12.00
# Visual Studio 14
VisualStudioVersion = 14.0.25420.1
MinimumVisualStudioVersion = 10.0.40219.1
Project("{F184B08F-C81C-45F6-A57F-5ABD9991F28F}") = "usiddique-ex1b1", "usiddique-ex1b1\usiddique-ex1b1.vbproj", "{4214215F-4B67-4935-8088-30F3B74E64C1}"
EndProject
Project("{F184B08F-C81C-45F6-A57F-5ABD9991F28F}") = "usiddiqueex1c1", "usiddiqueex1c1\usiddiqueex1c1.vbproj", "{452D0CE4-8795-44F2-BFCF-A6CEE732604C}"
EndProject
Project("{F184B08F-C81C-45F6-A57F-5ABD9991F28F}") = "usiddiqueex1d1", "usiddiqueex1d1\usiddiqueex1d1.vbproj", "{7691698E-10E6-4345-BDAA-97C98B4DAACE}"
EndProject
Project("{F184B08F-C81C-45F6-A57F-5ABD9991F28F}") = "usiddique1e1", "usiddique1e1\usiddique1e1.vbproj", "{6561F37D-DF96-41A1-B742-827B6202DC59}"
EndProject
Project("{F184B08F-C81C-45F6-A57F-5ABD9991F28F}") = "usiddique1f1", "usiddique1f1\usiddique1f1.vbproj", "{5C307A7C-3565-436F-82B2-1544C8A5B555}"
EndProject
Global
	GlobalSection(SolutionConfigurationPlatforms) = preSolution
		Debug|Any CPU = Debug|Any CPU
		Release|Any CPU = Release|Any CPU
	EndGlobalSection
	GlobalSection(ProjectConfigurationPlatforms) = postSolution
		{4214215F-4B67-4935-8088-30F3B74E64C1}.Debug|Any CPU.ActiveCfg = Debug|Any CPU
		{4214215F-4B67-4935-8088-30F3B74E64C1}.Debug|Any CPU.Build.0 = Debug|Any CPU
		{4214215F-4B67-4935-8088-30F3B74E64C1}.Release|Any CPU.ActiveCfg = Release|Any CPU
		{4214215F-4B67-4935-8088-30F3B74E64C1}.Release|Any CPU.Build.0 = Release|Any CPU
		{452D0CE4-8795-44F2-BFCF-A6CEE732604C}.Debug|Any CPU.ActiveCfg = Debug|Any CPU
		{452D0CE4-8795-44F2-BFCF-A6CEE732604C}.Debug|Any CPU.Build.0 = Debug|Any CPU
		{452D0CE4-8795-44F2-BFCF-A6CEE732604C}.Release|Any CPU.ActiveCfg = Release|Any CPU
		{452D0CE4-8795-44F2-BFCF-A6CEE732604C}.Release|Any CPU.Build.0 = Release|Any CPU
		{7691698E-10E6-4345-BDAA-97C98B4DAACE}.Debug|Any CPU.ActiveCfg = Debug|Any CPU
		{7691698E-10E6-4345-BDAA-97C98B4DAACE}.Debug|Any CPU.Build.0 = Debug|Any CPU
		{7691698E-10E6-4345-BDAA-97C98B4DAACE}.Release|Any CPU.ActiveCfg = Release|Any CPU
		{7691698E-10E6-4345-BDAA-97C98B4DAACE}.Release|Any CPU.Build.0 = Release|Any CPU
		{6561F37D-DF96-41A1-B742-827B6202DC59}.Debug|Any CPU.ActiveCfg = Debug|Any CPU
		{6561F37D-DF96-41A1-B742-827B6202DC59}.Debug|Any CPU.Build.0 = Debug|Any CPU
		{6561F37D-DF96-41A1-B742-827B6202DC59}.Release|Any CPU.ActiveCfg = Release|Any CPU
		{6561F37D-DF96-41A1-B742-827B6202DC59}.Release|Any CPU.Build.0 = Release|Any CPU
		{5C307A7C-3565-436F-82B2-1544C8A5B555}.Debug|Any CPU.ActiveCfg = Debug|Any CPU
		{5C307A7C-3565-436F-82B2-1544C8A5B555}.Debug|Any CPU.Build.0 = Debug|Any CPU
		{5C307A7C-3565-436F-82B2-1544C8A5B555}.Release|Any CPU.ActiveCfg = Release|Any CPU
		{5C307A7C-3565-436F-82B2-1544C8A5B555}.Release|Any CPU.Build.0 = Release|Any CPU
	EndGlobalSection
	GlobalSection(SolutionProperties) = preSolution
		HideSolutionNode = FALSE
	EndGlobalSection
EndGlobal
